
Microsoft Visual Studio Solution File, Format Version 12.00
# Visual Studio Version 17
VisualStudioVersion = 17.2.32630.192
MinimumVisualStudioVersion = 10.0.40219.1
Project("{9A19103F-16F7-4668-BE54-9A1E7A4F7556}") = "Gamification.UI", "Gamification.UI\Gamification.UI.csproj", "{69E6F642-50A1-4CAF-BEB2-093143178ACD}"
EndProject
Project("{FAE04EC0-301F-11D3-BF4B-00C04F79EFBC}") = "PracticeHttpClient", "PracticeHttpClient\PracticeHttpClient.csproj", "{F4D76BAF-634B-4B3F-A2BA-2933F8D7702E}"
EndProject
Global
	GlobalSection(SolutionConfigurationPlatforms) = preSolution
		Debug|Any CPU = Debug|Any CPU
		Release|Any CPU = Release|Any CPU
	EndGlobalSection
	GlobalSection(ProjectConfigurationPlatforms) = postSolution
		{69E6F642-50A1-4CAF-BEB2-093143178ACD}.Debug|Any CPU.ActiveCfg = Debug|Any CPU
		{69E6F642-50A1-4CAF-BEB2-093143178ACD}.Debug|Any CPU.Build.0 = Debug|Any CPU
		{69E6F642-50A1-4CAF-BEB2-093143178ACD}.Release|Any CPU.ActiveCfg = Release|Any CPU
		{69E6F642-50A1-4CAF-BEB2-093143178ACD}.Release|Any CPU.Build.0 = Release|Any CPU
		{F4D76BAF-634B-4B3F-A2BA-2933F8D7702E}.Debug|Any CPU.ActiveCfg = Debug|Any CPU
		{F4D76BAF-634B-4B3F-A2BA-2933F8D7702E}.Debug|Any CPU.Build.0 = Debug|Any CPU
		{F4D76BAF-634B-4B3F-A2BA-2933F8D7702E}.Release|Any CPU.ActiveCfg = Release|Any CPU
		{F4D76BAF-634B-4B3F-A2BA-2933F8D7702E}.Release|Any CPU.Build.0 = Release|Any CPU
	EndGlobalSection
	GlobalSection(SolutionProperties) = preSolution
		HideSolutionNode = FALSE
	EndGlobalSection
	GlobalSection(ExtensibilityGlobals) = postSolution
		SolutionGuid = {64BCE21E-D9DA-4578-9001-28C0F75CAAF5}
	EndGlobalSection
EndGlobal
